// !$*UTF8*$!
{
	archiveVersion = 1;
	classes = {
	};
	objectVersion = 46;
	objects = {

/* Begin PBXBuildFile section */
		BC40D2261B719F1000D09367 /* main.m in Sources */ = {isa = PBXBuildFile; fileRef = BC40D2251B719F1000D09367 /* main.m */; };
		BC40D2291B719F1000D09367 /* AppDelegate.m in Sources */ = {isa = PBXBuildFile; fileRef = BC40D2281B719F1000D09367 /* AppDelegate.m */; };
		BC40D22F1B719F1000D09367 /* Main.storyboard in Resources */ = {isa = PBXBuildFile; fileRef = BC40D22D1B719F1000D09367 /* Main.storyboard */; };
		BC40D2311B719F1000D09367 /* Images.xcassets in Resources */ = {isa = PBXBuildFile; fileRef = BC40D2301B719F1000D09367 /* Images.xcassets */; };
		BC40D2341B719F1000D09367 /* LaunchScreen.xib in Resources */ = {isa = PBXBuildFile; fileRef = BC40D2321B719F1000D09367 /* LaunchScreen.xib */; };
		BC40D2401B719F1000D09367 /* _805ttTests.m in Sources */ = {isa = PBXBuildFile; fileRef = BC40D23F1B719F1000D09367 /* _805ttTests.m */; };
		BC40D24B1B719F8B00D09367 /* FirstViewController.m in Sources */ = {isa = PBXBuildFile; fileRef = BC40D24A1B719F8B00D09367 /* FirstViewController.m */; };
		BC40D24E1B719F9B00D09367 /* SecondViewController.m in Sources */ = {isa = PBXBuildFile; fileRef = BC40D24D1B719F9B00D09367 /* SecondViewController.m */; };
		BC40D2511B719FC100D09367 /* ThirdViewController.m in Sources */ = {isa = PBXBuildFile; fileRef = BC40D2501B719FC100D09367 /* ThirdViewController.m */; };
/* End PBXBuildFile section */

/* Begin PBXContainerItemProxy section */
		BC40D23A1B719F1000D09367 /* PBXContainerItemProxy */ = {
			isa = PBXContainerItemProxy;
			containerPortal = BC40D2181B719F1000D09367 /* Project object */;
			proxyType = 1;
			remoteGlobalIDString = BC40D21F1B719F1000D09367;
			remoteInfo = 0805tt;
		};
/* End PBXContainerItemProxy section */

/* Begin PBXFileReference section */
		BC40D2201B719F1000D09367 /* 0805tt.app */ = {isa = PBXFileReference; explicitFileType = wrapper.application; includeInIndex = 0; path = 0805tt.app; sourceTree = BUILT_PRODUCTS_DIR; };
		BC40D2241B719F1000D09367 /* Info.plist */ = {isa = PBXFileReference; lastKnownFileType = text.plist.xml; path = Info.plist; sourceTree = "<group>"; };
		BC40D2251B719F1000D09367 /* main.m */ = {isa = PBXFileReference; lastKnownFileType = sourcecode.c.objc; path = main.m; sourceTree = "<group>"; };
		BC40D2271B719F1000D09367 /* AppDelegate.h */ = {isa = PBXFileReference; lastKnownFileType = sourcecode.c.h; path = AppDelegate.h; sourceTree = "<group>"; };
		BC40D2281B719F1000D09367 /* AppDelegate.m */ = {isa = PBXFileReference; lastKnownFileType = sourcecode.c.objc; path = AppDelegate.m; sourceTree = "<group>"; };
		BC40D22E1B719F1000D09367 /* Base */ = {isa = PBXFileReference; lastKnownFileType = file.storyboard; name = Base; path = Base.lproj/Main.storyboard; sourceTree = "<group>"; };
		BC40D2301B719F1000D09367 /* Images.xcassets */ = {isa = PBXFileReference; lastKnownFileType = folder.assetcatalog; path = Images.xcassets; sourceTree = "<group>"; };
		BC40D2331B719F1000D09367 /* Base */ = {isa = PBXFileReference; lastKnownFileType = file.xib; name = Base; path = Base.lproj/LaunchScreen.xib; sourceTree = "<group>"; };
		BC40D2391B719F1000D09367 /* 0805ttTests.xctest */ = {isa = PBXFileReference; explicitFileType = wrapper.cfbundle; includeInIndex = 0; path = 0805ttTests.xctest; sourceTree = BUILT_PRODUCTS_DIR; };
		BC40D23E1B719F1000D09367 /* Info.plist */ = {isa = PBXFileReference; lastKnownFileType = text.plist.xml; path = Info.plist; sourceTree = "<group>"; };
		BC40D23F1B719F1000D09367 /* _805ttTests.m */ = {isa = PBXFileReference; lastKnownFileType = sourcecode.c.objc; path = _805ttTests.m; sourceTree = "<group>"; };
		BC40D2491B719F8B00D09367 /* FirstViewController.h */ = {isa = PBXFileReference; fileEncoding = 4; lastKnownFileType = sourcecode.c.h; path = FirstViewController.h; sourceTree = "<group>"; };
		BC40D24A1B719F8B00D09367 /* FirstViewController.m */ = {isa = PBXFileReference; fileEncoding = 4; lastKnownFileType = sourcecode.c.objc; path = FirstViewController.m; sourceTree = "<group>"; };
		BC40D24C1B719F9B00D09367 /* SecondViewController.h */ = {isa = PBXFileReference; fileEncoding = 4; lastKnownFileType = sourcecode.c.h; path = SecondViewController.h; sourceTree = "<group>"; };
		BC40D24D1B719F9B00D09367 /* SecondViewController.m */ = {isa = PBXFileReference; fileEncoding = 4; lastKnownFileType = sourcecode.c.objc; path = SecondViewController.m; sourceTree = "<group>"; };
		BC40D24F1B719FC100D09367 /* ThirdViewController.h */ = {isa = PBXFileReference; fileEncoding = 4; lastKnownFileType = sourcecode.c.h; path = ThirdViewController.h; sourceTree = "<group>"; };
		BC40D2501B719FC100D09367 /* ThirdViewController.m */ = {isa = PBXFileReference; fileEncoding = 4; lastKnownFileType = sourcecode.c.objc; path = ThirdViewController.m; sourceTree = "<group>"; };
/* End PBXFileReference section */

/* Begin PBXFrameworksBuildPhase section */
		BC40D21D1B719F1000D09367 /* Frameworks */ = {
			isa = PBXFrameworksBuildPhase;
			buildActionMask = 2147483647;
			files = (
			);
			runOnlyForDeploymentPostprocessing = 0;
		};
		BC40D2361B719F1000D09367 /* Frameworks */ = {
			isa = PBXFrameworksBuildPhase;
			buildActionMask = 2147483647;
			files = (
			);
			runOnlyForDeploymentPostprocessing = 0;
		};
/* End PBXFrameworksBuildPhase section */

/* Begin PBXGroup section */
		BC40D2171B719F1000D09367 = {
			isa = PBXGroup;
			children = (
				BC40D2221B719F1000D09367 /* 0805tt */,
				BC40D23C1B719F1000D09367 /* 0805ttTests */,
				BC40D2211B719F1000D09367 /* Products */,
			);
			sourceTree = "<group>";
		};
		BC40D2211B719F1000D09367 /* Products */ = {
			isa = PBXGroup;
			children = (
				BC40D2201B719F1000D09367 /* 0805tt.app */,
				BC40D2391B719F1000D09367 /* 0805ttTests.xctest */,
			);
			name = Products;
			sourceTree = "<group>";
		};
		BC40D2221B719F1000D09367 /* 0805tt */ = {
			isa = PBXGroup;
			children = (
				BC40D2271B719F1000D09367 /* AppDelegate.h */,
				BC40D2281B719F1000D09367 /* AppDelegate.m */,
				BC40D2491B719F8B00D09367 /* FirstViewController.h */,
				BC40D24A1B719F8B00D09367 /* FirstViewController.m */,
				BC40D24C1B719F9B00D09367 /* SecondViewController.h */,
				BC40D24D1B719F9B00D09367 /* SecondViewController.m */,
				BC40D24F1B719FC100D09367 /* ThirdViewController.h */,
				BC40D2501B719FC100D09367 /* ThirdViewController.m */,
				BC40D22D1B719F1000D09367 /* Main.storyboard */,
				BC40D2301B719F1000D09367 /* Images.xcassets */,
				BC40D2321B719F1000D09367 /* LaunchScreen.xib */,
				BC40D2231B719F1000D09367 /* Supporting Files */,
			);
			path = 0805tt;
			sourceTree = "<group>";
		};
		BC40D2231B719F1000D09367 /* Supporting Files */ = {
			isa = PBXGroup;
			children = (
				BC40D2241B719F1000D09367 /* Info.plist */,
				BC40D2251B719F1000D09367 /* main.m */,
			);
			name = "Supporting Files";
			sourceTree = "<group>";
		};
		BC40D23C1B719F1000D09367 /* 0805ttTests */ = {
			isa = PBXGroup;
			children = (
				BC40D23F1B719F1000D09367 /* _805ttTests.m */,
				BC40D23D1B719F1000D09367 /* Supporting Files */,
			);
			path = 0805ttTests;
			sourceTree = "<group>";
		};
		BC40D23D1B719F1000D09367 /* Supporting Files */ = {
			isa = PBXGroup;
			children = (
				BC40D23E1B719F1000D09367 /* Info.plist */,
			);
			name = "Supporting Files";
			sourceTree = "<group>";
		};
/* End PBXGroup section */

/* Begin PBXNativeTarget section */
		BC40D21F1B719F1000D09367 /* 0805tt */ = {
			isa = PBXNativeTarget;
			buildConfigurationList = BC40D2431B719F1000D09367 /* Build configuration list for PBXNativeTarget "0805tt" */;
			buildPhases = (
				BC40D21C1B719F1000D09367 /* Sources */,
				BC40D21D1B719F1000D09367 /* Frameworks */,
				BC40D21E1B719F1000D09367 /* Resources */,
			);
			buildRules = (
			);
			dependencies = (
			);
			name = 0805tt;
			productName = 0805tt;
			productReference = BC40D2201B719F1000D09367 /* 0805tt.app */;
			productType = "com.apple.product-type.application";
		};
		BC40D2381B719F1000D09367 /* 0805ttTests */ = {
			isa = PBXNativeTarget;
			buildConfigurationList = BC40D2461B719F1000D09367 /* Build configuration list for PBXNativeTarget "0805ttTests" */;
			buildPhases = (
				BC40D2351B719F1000D09367 /* Sources */,
				BC40D2361B719F1000D09367 /* Frameworks */,
				BC40D2371B719F1000D09367 /* Resources */,
			);
			buildRules = (
			);
			dependencies = (
				BC40D23B1B719F1000D09367 /* PBXTargetDependency */,
			);
			name = 0805ttTests;
			productName = 0805ttTests;
			productReference = BC40D2391B719F1000D09367 /* 0805ttTests.xctest */;
			productType = "com.apple.product-type.bundle.unit-test";
		};
/* End PBXNativeTarget section */

/* Begin PBXProject section */
		BC40D2181B719F1000D09367 /* Project object */ = {
			isa = PBXProject;
			attributes = {
				LastUpgradeCheck = 0610;
				ORGANIZATIONNAME = qianfeng;
				TargetAttributes = {
					BC40D21F1B719F1000D09367 = {
						CreatedOnToolsVersion = 6.1;
					};
					BC40D2381B719F1000D09367 = {
						CreatedOnToolsVersion = 6.1;
						TestTargetID = BC40D21F1B719F1000D09367;
					};
				};
			};
			buildConfigurationList = BC40D21B1B719F1000D09367 /* Build configuration list for PBXProject "0805tt" */;
			compatibilityVersion = "Xcode 3.2";
			developmentRegion = English;
			hasScannedForEncodings = 0;
			knownRegions = (
				en,
				Base,
			);
			mainGroup = BC40D2171B719F1000D09367;
			productRefGroup = BC40D2211B719F1000D09367 /* Products */;
			projectDirPath = "";
			projectRoot = "";
			targets = (
				BC40D21F1B719F1000D09367 /* 0805tt */,
				BC40D2381B719F1000D09367 /* 0805ttTests */,
			);
		};
/* End PBXProject section */

/* Begin PBXResourcesBuildPhase section */
		BC40D21E1B719F1000D09367 /* Resources */ = {
			isa = PBXResourcesBuildPhase;
			buildActionMask = 2147483647;
			files = (
				BC40D22F1B719F1000D09367 /* Main.storyboard in Resources */,
				BC40D2341B719F1000D09367 /* LaunchScreen.xib in Resources */,
				BC40D2311B719F1000D09367 /* Images.xcassets in Resources */,
			);
			runOnlyForDeploymentPostprocessing = 0;
		};
		BC40D2371B719F1000D09367 /* Resources */ = {
			isa = PBXResourcesBuildPhase;
			buildActionMask = 2147483647;
			files = (
			);
			runOnlyForDeploymentPostprocessing = 0;
		};
/* End PBXResourcesBuildPhase section */

/* Begin PBXSourcesBuildPhase section */
		BC40D21C1B719F1000D09367 /* Sources */ = {
			isa = PBXSourcesBuildPhase;
			buildActionMask = 2147483647;
			files = (
				BC40D24E1B719F9B00D09367 /* SecondViewController.m in Sources */,
				BC40D2511B719FC100D09367 /* ThirdViewController.m in Sources */,
				BC40D2291B719F1000D09367 /* AppDelegate.m in Sources */,
				BC40D2261B719F1000D09367 /* main.m in Sources */,
				BC40D24B1B719F8B00D09367 /* FirstViewController.m in Sources */,
			);
			runOnlyForDeploymentPostprocessing = 0;
		};
		BC40D2351B719F1000D09367 /* Sources */ = {
			isa = PBXSourcesBuildPhase;
			buildActionMask = 2147483647;
			files = (
				BC40D2401B719F1000D09367 /* _805ttTests.m in Sources */,
			);
			runOnlyForDeploymentPostprocessing = 0;
		};
/* End PBXSourcesBuildPhase section */

/* Begin PBXTargetDependency section */
		BC40D23B1B719F1000D09367 /* PBXTargetDependency */ = {
			isa = PBXTargetDependency;
			target = BC40D21F1B719F1000D09367 /* 0805tt */;
			targetProxy = BC40D23A1B719F1000D09367 /* PBXContainerItemProxy */;
		};
/* End PBXTargetDependency section */

/* Begin PBXVariantGroup section */
		BC40D22D1B719F1000D09367 /* Main.storyboard */ = {
			isa = PBXVariantGroup;
			children = (
				BC40D22E1B719F1000D09367 /* Base */,
			);
			name = Main.storyboard;
			sourceTree = "<group>";
		};
		BC40D2321B719F1000D09367 /* LaunchScreen.xib */ = {
			isa = PBXVariantGroup;
			children = (
				BC40D2331B719F1000D09367 /* Base */,
			);
			name = LaunchScreen.xib;
			sourceTree = "<group>";
		};
/* End PBXVariantGroup section */

/* Begin XCBuildConfiguration section */
		BC40D2411B719F1000D09367 /* Debug */ = {
			isa = XCBuildConfiguration;
			buildSettings = {
				ALWAYS_SEARCH_USER_PATHS = NO;
				CLANG_CXX_LANGUAGE_STANDARD = "gnu++0x";
				CLANG_CXX_LIBRARY = "libc++";
				CLANG_ENABLE_MODULES = YES;
				CLANG_ENABLE_OBJC_ARC = YES;
				CLANG_WARN_BOOL_CONVERSION = YES;
				CLANG_WARN_CONSTANT_CONVERSION = YES;
				CLANG_WARN_DIRECT_OBJC_ISA_USAGE = YES_ERROR;
				CLANG_WARN_EMPTY_BODY = YES;
				CLANG_WARN_ENUM_CONVERSION = YES;
				CLANG_WARN_INT_CONVERSION = YES;
				CLANG_WARN_OBJC_ROOT_CLASS = YES_ERROR;
				CLANG_WARN_UNREACHABLE_CODE = YES;
				CLANG_WARN__DUPLICATE_METHOD_MATCH = YES;
				"CODE_SIGN_IDENTITY[sdk=iphoneos*]" = "iPhone Developer";
				COPY_PHASE_STRIP = NO;
				ENABLE_STRICT_OBJC_MSGSEND = YES;
				GCC_C_LANGUAGE_STANDARD = gnu99;
				GCC_DYNAMIC_NO_PIC = NO;
				GCC_OPTIMIZATION_LEVEL = 0;
				GCC_PREPROCESSOR_DEFINITIONS = (
					"DEBUG=1",
					"$(inherited)",
				);
				GCC_SYMBOLS_PRIVATE_EXTERN = NO;
				GCC_WARN_64_TO_32_BIT_CONVERSION = YES;
				GCC_WARN_ABOUT_RETURN_TYPE = YES_ERROR;
				GCC_WARN_UNDECLARED_SELECTOR = YES;
				GCC_WARN_UNINITIALIZED_AUTOS = YES_AGGRESSIVE;
				GCC_WARN_UNUSED_FUNCTION = YES;
				GCC_WARN_UNUSED_VARIABLE = YES;
				IPHONEOS_DEPLOYMENT_TARGET = 8.1;
				MTL_ENABLE_DEBUG_INFO = YES;
				ONLY_ACTIVE_ARCH = YES;
				SDKROOT = iphoneos;
			};
			name = Debug;
		};
		BC40D2421B719F1000D09367 /* Release */ = {
			isa = XCBuildConfiguration;
			buildSettings = {
				ALWAYS_SEARCH_USER_PATHS = NO;
				CLANG_CXX_LANGUAGE_STANDARD = "gnu++0x";
				CLANG_CXX_LIBRARY = "libc++";
				CLANG_ENABLE_MODULES = YES;
				CLANG_ENABLE_OBJC_ARC = YES;
				CLANG_WARN_BOOL_CONVERSION = YES;
				CLANG_WARN_CONSTANT_CONVERSION = YES;
				CLANG_WARN_DIRECT_OBJC_ISA_USAGE = YES_ERROR;
				CLANG_WARN_EMPTY_BODY = YES;
				CLANG_WARN_ENUM_CONVERSION = YES;
				CLANG_WARN_INT_CONVERSION = YES;
				CLANG_WARN_OBJC_ROOT_CLASS = YES_ERROR;
				CLANG_WARN_UNREACHABLE_CODE = YES;
				CLANG_WARN__DUPLICATE_METHOD_MATCH = YES;
				"CODE_SIGN_IDENTITY[sdk=iphoneos*]" = "iPhone Developer";
				COPY_PHASE_STRIP = YES;
				ENABLE_NS_ASSERTIONS = NO;
				ENABLE_STRICT_OBJC_MSGSEND = YES;
				GCC_C_LANGUAGE_STANDARD = gnu99;
				GCC_WARN_64_TO_32_BIT_CONVERSION = YES;
				GCC_WARN_ABOUT_RETURN_TYPE = YES_ERROR;
				GCC_WARN_UNDECLARED_SELECTOR = YES;
				GCC_WARN_UNINITIALIZED_AUTOS = YES_AGGRESSIVE;
				GCC_WARN_UNUSED_FUNCTION = YES;
				GCC_WARN_UNUSED_VARIABLE = YES;
				IPHONEOS_DEPLOYMENT_TARGET = 8.1;
				MTL_ENABLE_DEBUG_INFO = NO;
				SDKROOT = iphoneos;
				VALIDATE_PRODUCT = YES;
			};
			name = Release;
		};
		BC40D2441B719F1000D09367 /* Debug */ = {
			isa = XCBuildConfiguration;
			buildSettings = {
				ASSETCATALOG_COMPILER_APPICON_NAME = AppIcon;
				INFOPLIST_FILE = 0805tt/Info.plist;
				LD_RUNPATH_SEARCH_PATHS = "$(inherited) @executable_path/Frameworks";
				PRODUCT_NAME = "$(TARGET_NAME)";
			};
			name = Debug;
		};
		BC40D2451B719F1000D09367 /* Release */ = {
			isa = XCBuildConfiguration;
			buildSettings = {
				ASSETCATALOG_COMPILER_APPICON_NAME = AppIcon;
				INFOPLIST_FILE = 0805tt/Info.plist;
				LD_RUNPATH_SEARCH_PATHS = "$(inherited) @executable_path/Frameworks";
				PRODUCT_NAME = "$(TARGET_NAME)";
			};
			name = Release;
		};
		BC40D2471B719F1000D09367 /* Debug */ = {
			isa = XCBuildConfiguration;
			buildSettings = {
				BUNDLE_LOADER = "$(TEST_HOST)";
				FRAMEWORK_SEARCH_PATHS = (
					"$(SDKROOT)/Developer/Library/Frameworks",
					"$(inherited)",
				);
				GCC_PREPROCESSOR_DEFINITIONS = (
					"DEBUG=1",
					"$(inherited)",
				);
				INFOPLIST_FILE = 0805ttTests/Info.plist;
				LD_RUNPATH_SEARCH_PATHS = "$(inherited) @executable_path/Frameworks @loader_path/Frameworks";
				PRODUCT_NAME = "$(TARGET_NAME)";
				TEST_HOST = "$(BUILT_PRODUCTS_DIR)/0805tt.app/0805tt";
			};
			name = Debug;
		};
		BC40D2481B719F1000D09367 /* Release */ = {
			isa = XCBuildConfiguration;
			buildSettings = {
				BUNDLE_LOADER = "$(TEST_HOST)";
				FRAMEWORK_SEARCH_PATHS = (
					"$(SDKROOT)/Developer/Library/Frameworks",
					"$(inherited)",
				);
				INFOPLIST_FILE = 0805ttTests/Info.plist;
				LD_RUNPATH_SEARCH_PATHS = "$(inherited) @executable_path/Frameworks @loader_path/Frameworks";
				PRODUCT_NAME = "$(TARGET_NAME)";
				TEST_HOST = "$(BUILT_PRODUCTS_DIR)/0805tt.app/0805tt";
			};
			name = Release;
		};
/* End XCBuildConfiguration section */

/* Begin XCConfigurationList section */
		BC40D21B1B719F1000D09367 /* Build configuration list for PBXProject "0805tt" */ = {
			isa = XCConfigurationList;
			buildConfigurations = (
				BC40D2411B719F1000D09367 /* Debug */,
				BC40D2421B719F1000D09367 /* Release */,
			);
			defaultConfigurationIsVisible = 0;
			defaultConfigurationName = Release;
		};
		BC40D2431B719F1000D09367 /* Build configuration list for PBXNativeTarget "0805tt" */ = {
			isa = XCConfigurationList;
			buildConfigurations = (
				BC40D2441B719F1000D09367 /* Debug */,
				BC40D2451B719F1000D09367 /* Release */,
			);
			defaultConfigurationIsVisible = 0;
		};
		BC40D2461B719F1000D09367 /* Build configuration list for PBXNativeTarget "0805ttTests" */ = {
			isa = XCConfigurationList;
			buildConfigurations = (
				BC40D2471B719F1000D09367 /* Debug */,
				BC40D2481B719F1000D09367 /* Release */,
			);
			defaultConfigurationIsVisible = 0;
		};
/* End XCConfigurationList section */
	};
	rootObject = BC40D2181B719F1000D09367 /* Project object */;
}
